
Microsoft Visual Studio Solution File, Format Version 12.00
# Visual Studio Version 16
VisualStudioVersion = 16.0.30611.23
MinimumVisualStudioVersion = 10.0.40219.1
Project("{FAE04EC0-301F-11D3-BF4B-00C04F79EFBC}") = "Rock_paper_scissors", "Rock_paper_scissors.csproj", "{CE0C8F2D-5277-493A-A6E0-EAFC431EA545}"
EndProject
Global
	GlobalSection(SolutionConfigurationPlatforms) = preSolution
		Debug|Any CPU = Debug|Any CPU
		Release|Any CPU = Release|Any CPU
	EndGlobalSection
	GlobalSection(ProjectConfigurationPlatforms) = postSolution
		{CE0C8F2D-5277-493A-A6E0-EAFC431EA545}.Debug|Any CPU.ActiveCfg = Debug|Any CPU
		{CE0C8F2D-5277-493A-A6E0-EAFC431EA545}.Debug|Any CPU.Build.0 = Debug|Any CPU
		{CE0C8F2D-5277-493A-A6E0-EAFC431EA545}.Release|Any CPU.ActiveCfg = Release|Any CPU
		{CE0C8F2D-5277-493A-A6E0-EAFC431EA545}.Release|Any CPU.Build.0 = Release|Any CPU
	EndGlobalSection
	GlobalSection(SolutionProperties) = preSolution
		HideSolutionNode = FALSE
	EndGlobalSection
	GlobalSection(ExtensibilityGlobals) = postSolution
		SolutionGuid = {AB80AF76-2153-4630-8528-D7026B5CCDCD}
	EndGlobalSection
EndGlobal
