
Microsoft Visual Studio Solution File, Format Version 12.00
# Visual Studio Version 16
VisualStudioVersion = 16.0.30413.136
MinimumVisualStudioVersion = 10.0.40219.1
Project("{FAE04EC0-301F-11D3-BF4B-00C04F79EFBC}") = "PaberRockKamen", "PaberRockKamen.csproj", "{A947EE2D-EF3F-467F-8C22-AAEE7203142E}"
EndProject
Global
	GlobalSection(SolutionConfigurationPlatforms) = preSolution
		Debug|Any CPU = Debug|Any CPU
		Release|Any CPU = Release|Any CPU
	EndGlobalSection
	GlobalSection(ProjectConfigurationPlatforms) = postSolution
		{A947EE2D-EF3F-467F-8C22-AAEE7203142E}.Debug|Any CPU.ActiveCfg = Debug|Any CPU
		{A947EE2D-EF3F-467F-8C22-AAEE7203142E}.Debug|Any CPU.Build.0 = Debug|Any CPU
		{A947EE2D-EF3F-467F-8C22-AAEE7203142E}.Release|Any CPU.ActiveCfg = Release|Any CPU
		{A947EE2D-EF3F-467F-8C22-AAEE7203142E}.Release|Any CPU.Build.0 = Release|Any CPU
	EndGlobalSection
	GlobalSection(SolutionProperties) = preSolution
		HideSolutionNode = FALSE
	EndGlobalSection
	GlobalSection(ExtensibilityGlobals) = postSolution
		SolutionGuid = {FA28A2D4-54A8-41A3-BB0D-B5AC5EE8BE02}
	EndGlobalSection
EndGlobal
